
Microsoft Visual Studio Solution File, Format Version 12.00
# Visual Studio 15
VisualStudioVersion = 15.0.27428.2011
MinimumVisualStudioVersion = 10.0.40219.1
Project("{FAE04EC0-301F-11D3-BF4B-00C04F79EFBC}") = "Projeto.Consumer", "Projeto.Consumer\Projeto.Consumer.csproj", "{1BBFF7EA-BD91-4C65-ADF8-96B348F6B5DA}"
EndProject
Project("{FAE04EC0-301F-11D3-BF4B-00C04F79EFBC}") = "Projeto.Infra", "Projeto.Infra\Projeto.Infra.csproj", "{F91D3734-5012-4AD0-AEAF-D51680F7C2CE}"
EndProject
Project("{FAE04EC0-301F-11D3-BF4B-00C04F79EFBC}") = "Projeto.Domain", "Projeto.Domain\Projeto.Domain.csproj", "{007F0FF7-B282-4075-812C-2CAE35D4296F}"
EndProject
Global
	GlobalSection(SolutionConfigurationPlatforms) = preSolution
		Debug|Any CPU = Debug|Any CPU
		Release|Any CPU = Release|Any CPU
	EndGlobalSection
	GlobalSection(ProjectConfigurationPlatforms) = postSolution
		{1BBFF7EA-BD91-4C65-ADF8-96B348F6B5DA}.Debug|Any CPU.ActiveCfg = Debug|Any CPU
		{1BBFF7EA-BD91-4C65-ADF8-96B348F6B5DA}.Debug|Any CPU.Build.0 = Debug|Any CPU
		{1BBFF7EA-BD91-4C65-ADF8-96B348F6B5DA}.Release|Any CPU.ActiveCfg = Release|Any CPU
		{1BBFF7EA-BD91-4C65-ADF8-96B348F6B5DA}.Release|Any CPU.Build.0 = Release|Any CPU
		{F91D3734-5012-4AD0-AEAF-D51680F7C2CE}.Debug|Any CPU.ActiveCfg = Debug|Any CPU
		{F91D3734-5012-4AD0-AEAF-D51680F7C2CE}.Debug|Any CPU.Build.0 = Debug|Any CPU
		{F91D3734-5012-4AD0-AEAF-D51680F7C2CE}.Release|Any CPU.ActiveCfg = Release|Any CPU
		{F91D3734-5012-4AD0-AEAF-D51680F7C2CE}.Release|Any CPU.Build.0 = Release|Any CPU
		{007F0FF7-B282-4075-812C-2CAE35D4296F}.Debug|Any CPU.ActiveCfg = Debug|Any CPU
		{007F0FF7-B282-4075-812C-2CAE35D4296F}.Debug|Any CPU.Build.0 = Debug|Any CPU
		{007F0FF7-B282-4075-812C-2CAE35D4296F}.Release|Any CPU.ActiveCfg = Release|Any CPU
		{007F0FF7-B282-4075-812C-2CAE35D4296F}.Release|Any CPU.Build.0 = Release|Any CPU
	EndGlobalSection
	GlobalSection(SolutionProperties) = preSolution
		HideSolutionNode = FALSE
	EndGlobalSection
	GlobalSection(ExtensibilityGlobals) = postSolution
		SolutionGuid = {D27C372C-567B-4FF8-AE66-B35223BCEE3C}
	EndGlobalSection
EndGlobal
